// !$*UTF8*$!
{
	archiveVersion = 1;
	classes = {
	};
	objectVersion = 46;
	objects = {

/* Begin PBXBuildFile section */
		63654A9F1E6392C4008C509E /* AppDelegate.swift in Sources */ = {isa = PBXBuildFile; fileRef = 63654A9E1E6392C4008C509E /* AppDelegate.swift */; };
		63654AA11E6392C4008C509E /* ViewController.swift in Sources */ = {isa = PBXBuildFile; fileRef = 63654AA01E6392C4008C509E /* ViewController.swift */; };
		63654AA41E6392C4008C509E /* Main.storyboard in Resources */ = {isa = PBXBuildFile; fileRef = 63654AA21E6392C4008C509E /* Main.storyboard */; };
		63654AA61E6392C4008C509E /* Assets.xcassets in Resources */ = {isa = PBXBuildFile; fileRef = 63654AA51E6392C4008C509E /* Assets.xcassets */; };
		63654AA91E6392C4008C509E /* LaunchScreen.storyboard in Resources */ = {isa = PBXBuildFile; fileRef = 63654AA71E6392C4008C509E /* LaunchScreen.storyboard */; };
		63654AB41E6392C4008C509E /* HamburguesasTests.swift in Sources */ = {isa = PBXBuildFile; fileRef = 63654AB31E6392C4008C509E /* HamburguesasTests.swift */; };
		63654AC11E6396C7008C509E /* Datos.swift in Sources */ = {isa = PBXBuildFile; fileRef = 63654AC01E6396C7008C509E /* Datos.swift */; };
/* End PBXBuildFile section */

/* Begin PBXContainerItemProxy section */
		63654AB01E6392C4008C509E /* PBXContainerItemProxy */ = {
			isa = PBXContainerItemProxy;
			containerPortal = 63654A931E6392C3008C509E /* Project object */;
			proxyType = 1;
			remoteGlobalIDString = 63654A9A1E6392C3008C509E;
			remoteInfo = Hamburguesas;
		};
/* End PBXContainerItemProxy section */

/* Begin PBXFileReference section */
		63654A9B1E6392C4008C509E /* Hamburguesas.app */ = {isa = PBXFileReference; explicitFileType = wrapper.application; includeInIndex = 0; path = Hamburguesas.app; sourceTree = BUILT_PRODUCTS_DIR; };
		63654A9E1E6392C4008C509E /* AppDelegate.swift */ = {isa = PBXFileReference; lastKnownFileType = sourcecode.swift; path = AppDelegate.swift; sourceTree = "<group>"; };
		63654AA01E6392C4008C509E /* ViewController.swift */ = {isa = PBXFileReference; lastKnownFileType = sourcecode.swift; path = ViewController.swift; sourceTree = "<group>"; };
		63654AA31E6392C4008C509E /* Base */ = {isa = PBXFileReference; lastKnownFileType = file.storyboard; name = Base; path = Base.lproj/Main.storyboard; sourceTree = "<group>"; };
		63654AA51E6392C4008C509E /* Assets.xcassets */ = {isa = PBXFileReference; lastKnownFileType = folder.assetcatalog; path = Assets.xcassets; sourceTree = "<group>"; };
		63654AA81E6392C4008C509E /* Base */ = {isa = PBXFileReference; lastKnownFileType = file.storyboard; name = Base; path = Base.lproj/LaunchScreen.storyboard; sourceTree = "<group>"; };
		63654AAA1E6392C4008C509E /* Info.plist */ = {isa = PBXFileReference; lastKnownFileType = text.plist.xml; path = Info.plist; sourceTree = "<group>"; };
		63654AAF1E6392C4008C509E /* HamburguesasTests.xctest */ = {isa = PBXFileReference; explicitFileType = wrapper.cfbundle; includeInIndex = 0; path = HamburguesasTests.xctest; sourceTree = BUILT_PRODUCTS_DIR; };
		63654AB31E6392C4008C509E /* HamburguesasTests.swift */ = {isa = PBXFileReference; lastKnownFileType = sourcecode.swift; path = HamburguesasTests.swift; sourceTree = "<group>"; };
		63654AB51E6392C4008C509E /* Info.plist */ = {isa = PBXFileReference; lastKnownFileType = text.plist.xml; path = Info.plist; sourceTree = "<group>"; };
		63654AC01E6396C7008C509E /* Datos.swift */ = {isa = PBXFileReference; fileEncoding = 4; lastKnownFileType = sourcecode.swift; name = Datos.swift; path = ../Datos.swift; sourceTree = "<group>"; };
/* End PBXFileReference section */

/* Begin PBXFrameworksBuildPhase section */
		63654A981E6392C3008C509E /* Frameworks */ = {
			isa = PBXFrameworksBuildPhase;
			buildActionMask = 2147483647;
			files = (
			);
			runOnlyForDeploymentPostprocessing = 0;
		};
		63654AAC1E6392C4008C509E /* Frameworks */ = {
			isa = PBXFrameworksBuildPhase;
			buildActionMask = 2147483647;
			files = (
			);
			runOnlyForDeploymentPostprocessing = 0;
		};
/* End PBXFrameworksBuildPhase section */

/* Begin PBXGroup section */
		63654A921E6392C3008C509E = {
			isa = PBXGroup;
			children = (
				63654A9D1E6392C4008C509E /* Hamburguesas */,
				63654AB21E6392C4008C509E /* HamburguesasTests */,
				63654A9C1E6392C4008C509E /* Products */,
			);
			sourceTree = "<group>";
		};
		63654A9C1E6392C4008C509E /* Products */ = {
			isa = PBXGroup;
			children = (
				63654A9B1E6392C4008C509E /* Hamburguesas.app */,
				63654AAF1E6392C4008C509E /* HamburguesasTests.xctest */,
			);
			name = Products;
			sourceTree = "<group>";
		};
		63654A9D1E6392C4008C509E /* Hamburguesas */ = {
			isa = PBXGroup;
			children = (
				63654A9E1E6392C4008C509E /* AppDelegate.swift */,
				63654AA01E6392C4008C509E /* ViewController.swift */,
				63654AA21E6392C4008C509E /* Main.storyboard */,
				63654AA51E6392C4008C509E /* Assets.xcassets */,
				63654AA71E6392C4008C509E /* LaunchScreen.storyboard */,
				63654AAA1E6392C4008C509E /* Info.plist */,
				63654AC01E6396C7008C509E /* Datos.swift */,
			);
			path = Hamburguesas;
			sourceTree = "<group>";
		};
		63654AB21E6392C4008C509E /* HamburguesasTests */ = {
			isa = PBXGroup;
			children = (
				63654AB31E6392C4008C509E /* HamburguesasTests.swift */,
				63654AB51E6392C4008C509E /* Info.plist */,
			);
			path = HamburguesasTests;
			sourceTree = "<group>";
		};
/* End PBXGroup section */

/* Begin PBXNativeTarget section */
		63654A9A1E6392C3008C509E /* Hamburguesas */ = {
			isa = PBXNativeTarget;
			buildConfigurationList = 63654AB81E6392C4008C509E /* Build configuration list for PBXNativeTarget "Hamburguesas" */;
			buildPhases = (
				63654A971E6392C3008C509E /* Sources */,
				63654A981E6392C3008C509E /* Frameworks */,
				63654A991E6392C3008C509E /* Resources */,
			);
			buildRules = (
			);
			dependencies = (
			);
			name = Hamburguesas;
			productName = Hamburguesas;
			productReference = 63654A9B1E6392C4008C509E /* Hamburguesas.app */;
			productType = "com.apple.product-type.application";
		};
		63654AAE1E6392C4008C509E /* HamburguesasTests */ = {
			isa = PBXNativeTarget;
			buildConfigurationList = 63654ABB1E6392C4008C509E /* Build configuration list for PBXNativeTarget "HamburguesasTests" */;
			buildPhases = (
				63654AAB1E6392C4008C509E /* Sources */,
				63654AAC1E6392C4008C509E /* Frameworks */,
				63654AAD1E6392C4008C509E /* Resources */,
			);
			buildRules = (
			);
			dependencies = (
				63654AB11E6392C4008C509E /* PBXTargetDependency */,
			);
			name = HamburguesasTests;
			productName = HamburguesasTests;
			productReference = 63654AAF1E6392C4008C509E /* HamburguesasTests.xctest */;
			productType = "com.apple.product-type.bundle.unit-test";
		};
/* End PBXNativeTarget section */

/* Begin PBXProject section */
		63654A931E6392C3008C509E /* Project object */ = {
			isa = PBXProject;
			attributes = {
				LastSwiftUpdateCheck = 0820;
				LastUpgradeCheck = 0820;
				ORGANIZATIONNAME = "Suei&Paco";
				TargetAttributes = {
					63654A9A1E6392C3008C509E = {
						CreatedOnToolsVersion = 8.2.1;
						DevelopmentTeam = 93959FE9X4;
						ProvisioningStyle = Automatic;
					};
					63654AAE1E6392C4008C509E = {
						CreatedOnToolsVersion = 8.2.1;
						DevelopmentTeam = 93959FE9X4;
						ProvisioningStyle = Automatic;
						TestTargetID = 63654A9A1E6392C3008C509E;
					};
				};
			};
			buildConfigurationList = 63654A961E6392C3008C509E /* Build configuration list for PBXProject "Hamburguesas" */;
			compatibilityVersion = "Xcode 3.2";
			developmentRegion = English;
			hasScannedForEncodings = 0;
			knownRegions = (
				en,
				Base,
			);
			mainGroup = 63654A921E6392C3008C509E;
			productRefGroup = 63654A9C1E6392C4008C509E /* Products */;
			projectDirPath = "";
			projectRoot = "";
			targets = (
				63654A9A1E6392C3008C509E /* Hamburguesas */,
				63654AAE1E6392C4008C509E /* HamburguesasTests */,
			);
		};
/* End PBXProject section */

/* Begin PBXResourcesBuildPhase section */
		63654A991E6392C3008C509E /* Resources */ = {
			isa = PBXResourcesBuildPhase;
			buildActionMask = 2147483647;
			files = (
				63654AA91E6392C4008C509E /* LaunchScreen.storyboard in Resources */,
				63654AA61E6392C4008C509E /* Assets.xcassets in Resources */,
				63654AA41E6392C4008C509E /* Main.storyboard in Resources */,
			);
			runOnlyForDeploymentPostprocessing = 0;
		};
		63654AAD1E6392C4008C509E /* Resources */ = {
			isa = PBXResourcesBuildPhase;
			buildActionMask = 2147483647;
			files = (
			);
			runOnlyForDeploymentPostprocessing = 0;
		};
/* End PBXResourcesBuildPhase section */

/* Begin PBXSourcesBuildPhase section */
		63654A971E6392C3008C509E /* Sources */ = {
			isa = PBXSourcesBuildPhase;
			buildActionMask = 2147483647;
			files = (
				63654AA11E6392C4008C509E /* ViewController.swift in Sources */,
				63654A9F1E6392C4008C509E /* AppDelegate.swift in Sources */,
				63654AC11E6396C7008C509E /* Datos.swift in Sources */,
			);
			runOnlyForDeploymentPostprocessing = 0;
		};
		63654AAB1E6392C4008C509E /* Sources */ = {
			isa = PBXSourcesBuildPhase;
			buildActionMask = 2147483647;
			files = (
				63654AB41E6392C4008C509E /* HamburguesasTests.swift in Sources */,
			);
			runOnlyForDeploymentPostprocessing = 0;
		};
/* End PBXSourcesBuildPhase section */

/* Begin PBXTargetDependency section */
		63654AB11E6392C4008C509E /* PBXTargetDependency */ = {
			isa = PBXTargetDependency;
			target = 63654A9A1E6392C3008C509E /* Hamburguesas */;
			targetProxy = 63654AB01E6392C4008C509E /* PBXContainerItemProxy */;
		};
/* End PBXTargetDependency section */

/* Begin PBXVariantGroup section */
		63654AA21E6392C4008C509E /* Main.storyboard */ = {
			isa = PBXVariantGroup;
			children = (
				63654AA31E6392C4008C509E /* Base */,
			);
			name = Main.storyboard;
			sourceTree = "<group>";
		};
		63654AA71E6392C4008C509E /* LaunchScreen.storyboard */ = {
			isa = PBXVariantGroup;
			children = (
				63654AA81E6392C4008C509E /* Base */,
			);
			name = LaunchScreen.storyboard;
			sourceTree = "<group>";
		};
/* End PBXVariantGroup section */

/* Begin XCBuildConfiguration section */
		63654AB61E6392C4008C509E /* Debug */ = {
			isa = XCBuildConfiguration;
			buildSettings = {
				ALWAYS_SEARCH_USER_PATHS = NO;
				CLANG_ANALYZER_NONNULL = YES;
				CLANG_CXX_LANGUAGE_STANDARD = "gnu++0x";
				CLANG_CXX_LIBRARY = "libc++";
				CLANG_ENABLE_MODULES = YES;
				CLANG_ENABLE_OBJC_ARC = YES;
				CLANG_WARN_BOOL_CONVERSION = YES;
				CLANG_WARN_CONSTANT_CONVERSION = YES;
				CLANG_WARN_DIRECT_OBJC_ISA_USAGE = YES_ERROR;
				CLANG_WARN_DOCUMENTATION_COMMENTS = YES;
				CLANG_WARN_EMPTY_BODY = YES;
				CLANG_WARN_ENUM_CONVERSION = YES;
				CLANG_WARN_INFINITE_RECURSION = YES;
				CLANG_WARN_INT_CONVERSION = YES;
				CLANG_WARN_OBJC_ROOT_CLASS = YES_ERROR;
				CLANG_WARN_SUSPICIOUS_MOVE = YES;
				CLANG_WARN_UNREACHABLE_CODE = YES;
				CLANG_WARN__DUPLICATE_METHOD_MATCH = YES;
				"CODE_SIGN_IDENTITY[sdk=iphoneos*]" = "iPhone Developer";
				COPY_PHASE_STRIP = NO;
				DEBUG_INFORMATION_FORMAT = dwarf;
				ENABLE_STRICT_OBJC_MSGSEND = YES;
				ENABLE_TESTABILITY = YES;
				GCC_C_LANGUAGE_STANDARD = gnu99;
				GCC_DYNAMIC_NO_PIC = NO;
				GCC_NO_COMMON_BLOCKS = YES;
				GCC_OPTIMIZATION_LEVEL = 0;
				GCC_PREPROCESSOR_DEFINITIONS = (
					"DEBUG=1",
					"$(inherited)",
				);
				GCC_WARN_64_TO_32_BIT_CONVERSION = YES;
				GCC_WARN_ABOUT_RETURN_TYPE = YES_ERROR;
				GCC_WARN_UNDECLARED_SELECTOR = YES;
				GCC_WARN_UNINITIALIZED_AUTOS = YES_AGGRESSIVE;
				GCC_WARN_UNUSED_FUNCTION = YES;
				GCC_WARN_UNUSED_VARIABLE = YES;
				IPHONEOS_DEPLOYMENT_TARGET = 10.2;
				MTL_ENABLE_DEBUG_INFO = YES;
				ONLY_ACTIVE_ARCH = YES;
				SDKROOT = iphoneos;
				SWIFT_ACTIVE_COMPILATION_CONDITIONS = DEBUG;
				SWIFT_OPTIMIZATION_LEVEL = "-Onone";
				TARGETED_DEVICE_FAMILY = "1,2";
			};
			name = Debug;
		};
		63654AB71E6392C4008C509E /* Release */ = {
			isa = XCBuildConfiguration;
			buildSettings = {
				ALWAYS_SEARCH_USER_PATHS = NO;
				CLANG_ANALYZER_NONNULL = YES;
				CLANG_CXX_LANGUAGE_STANDARD = "gnu++0x";
				CLANG_CXX_LIBRARY = "libc++";
				CLANG_ENABLE_MODULES = YES;
				CLANG_ENABLE_OBJC_ARC = YES;
				CLANG_WARN_BOOL_CONVERSION = YES;
				CLANG_WARN_CONSTANT_CONVERSION = YES;
				CLANG_WARN_DIRECT_OBJC_ISA_USAGE = YES_ERROR;
				CLANG_WARN_DOCUMENTATION_COMMENTS = YES;
				CLANG_WARN_EMPTY_BODY = YES;
				CLANG_WARN_ENUM_CONVERSION = YES;
				CLANG_WARN_INFINITE_RECURSION = YES;
				CLANG_WARN_INT_CONVERSION = YES;
				CLANG_WARN_OBJC_ROOT_CLASS = YES_ERROR;
				CLANG_WARN_SUSPICIOUS_MOVE = YES;
				CLANG_WARN_UNREACHABLE_CODE = YES;
				CLANG_WARN__DUPLICATE_METHOD_MATCH = YES;
				"CODE_SIGN_IDENTITY[sdk=iphoneos*]" = "iPhone Developer";
				COPY_PHASE_STRIP = NO;
				DEBUG_INFORMATION_FORMAT = "dwarf-with-dsym";
				ENABLE_NS_ASSERTIONS = NO;
				ENABLE_STRICT_OBJC_MSGSEND = YES;
				GCC_C_LANGUAGE_STANDARD = gnu99;
				GCC_NO_COMMON_BLOCKS = YES;
				GCC_WARN_64_TO_32_BIT_CONVERSION = YES;
				GCC_WARN_ABOUT_RETURN_TYPE = YES_ERROR;
				GCC_WARN_UNDECLARED_SELECTOR = YES;
				GCC_WARN_UNINITIALIZED_AUTOS = YES_AGGRESSIVE;
				GCC_WARN_UNUSED_FUNCTION = YES;
				GCC_WARN_UNUSED_VARIABLE = YES;
				IPHONEOS_DEPLOYMENT_TARGET = 10.2;
				MTL_ENABLE_DEBUG_INFO = NO;
				SDKROOT = iphoneos;
				SWIFT_OPTIMIZATION_LEVEL = "-Owholemodule";
				TARGETED_DEVICE_FAMILY = "1,2";
				VALIDATE_PRODUCT = YES;
			};
			name = Release;
		};
		63654AB91E6392C4008C509E /* Debug */ = {
			isa = XCBuildConfiguration;
			buildSettings = {
				ASSETCATALOG_COMPILER_APPICON_NAME = AppIcon;
				DEVELOPMENT_TEAM = 93959FE9X4;
				INFOPLIST_FILE = Hamburguesas/Info.plist;
				LD_RUNPATH_SEARCH_PATHS = "$(inherited) @executable_path/Frameworks";
				PRODUCT_BUNDLE_IDENTIFIER = SueiDevelopment.Hamburguesas;
				PRODUCT_NAME = "$(TARGET_NAME)";
				SWIFT_VERSION = 3.0;
			};
			name = Debug;
		};
		63654ABA1E6392C4008C509E /* Release */ = {
			isa = XCBuildConfiguration;
			buildSettings = {
				ASSETCATALOG_COMPILER_APPICON_NAME = AppIcon;
				DEVELOPMENT_TEAM = 93959FE9X4;
				INFOPLIST_FILE = Hamburguesas/Info.plist;
				LD_RUNPATH_SEARCH_PATHS = "$(inherited) @executable_path/Frameworks";
				PRODUCT_BUNDLE_IDENTIFIER = SueiDevelopment.Hamburguesas;
				PRODUCT_NAME = "$(TARGET_NAME)";
				SWIFT_VERSION = 3.0;
			};
			name = Release;
		};
		63654ABC1E6392C4008C509E /* Debug */ = {
			isa = XCBuildConfiguration;
			buildSettings = {
				ALWAYS_EMBED_SWIFT_STANDARD_LIBRARIES = YES;
				BUNDLE_LOADER = "$(TEST_HOST)";
				DEVELOPMENT_TEAM = 93959FE9X4;
				INFOPLIST_FILE = HamburguesasTests/Info.plist;
				LD_RUNPATH_SEARCH_PATHS = "$(inherited) @executable_path/Frameworks @loader_path/Frameworks";
				PRODUCT_BUNDLE_IDENTIFIER = SueiDevelopment.HamburguesasTests;
				PRODUCT_NAME = "$(TARGET_NAME)";
				SWIFT_VERSION = 3.0;
				TEST_HOST = "$(BUILT_PRODUCTS_DIR)/Hamburguesas.app/Hamburguesas";
			};
			name = Debug;
		};
		63654ABD1E6392C4008C509E /* Release */ = {
			isa = XCBuildConfiguration;
			buildSettings = {
				ALWAYS_EMBED_SWIFT_STANDARD_LIBRARIES = YES;
				BUNDLE_LOADER = "$(TEST_HOST)";
				DEVELOPMENT_TEAM = 93959FE9X4;
				INFOPLIST_FILE = HamburguesasTests/Info.plist;
				LD_RUNPATH_SEARCH_PATHS = "$(inherited) @executable_path/Frameworks @loader_path/Frameworks";
				PRODUCT_BUNDLE_IDENTIFIER = SueiDevelopment.HamburguesasTests;
				PRODUCT_NAME = "$(TARGET_NAME)";
				SWIFT_VERSION = 3.0;
				TEST_HOST = "$(BUILT_PRODUCTS_DIR)/Hamburguesas.app/Hamburguesas";
			};
			name = Release;
		};
/* End XCBuildConfiguration section */

/* Begin XCConfigurationList section */
		63654A961E6392C3008C509E /* Build configuration list for PBXProject "Hamburguesas" */ = {
			isa = XCConfigurationList;
			buildConfigurations = (
				63654AB61E6392C4008C509E /* Debug */,
				63654AB71E6392C4008C509E /* Release */,
			);
			defaultConfigurationIsVisible = 0;
			defaultConfigurationName = Release;
		};
		63654AB81E6392C4008C509E /* Build configuration list for PBXNativeTarget "Hamburguesas" */ = {
			isa = XCConfigurationList;
			buildConfigurations = (
				63654AB91E6392C4008C509E /* Debug */,
				63654ABA1E6392C4008C509E /* Release */,
			);
			defaultConfigurationIsVisible = 0;
		};
		63654ABB1E6392C4008C509E /* Build configuration list for PBXNativeTarget "HamburguesasTests" */ = {
			isa = XCConfigurationList;
			buildConfigurations = (
				63654ABC1E6392C4008C509E /* Debug */,
				63654ABD1E6392C4008C509E /* Release */,
			);
			defaultConfigurationIsVisible = 0;
		};
/* End XCConfigurationList section */
	};
	rootObject = 63654A931E6392C3008C509E /* Project object */;
}
